
Microsoft Visual Studio Solution File, Format Version 12.00
# Visual Studio Version 17
VisualStudioVersion = 17.5.33530.505
MinimumVisualStudioVersion = 10.0.40219.1
Project("{8BC9CEB8-8B4A-11D0-8D11-00A0C91BC942}") = "BOJ_2096", "BOJ_2096.vcxproj", "{4A70541E-ED7A-4646-9C5D-59FCB621CC8D}"
EndProject
Global
	GlobalSection(SolutionConfigurationPlatforms) = preSolution
		Debug|x64 = Debug|x64
		Release|x64 = Release|x64
	EndGlobalSection
	GlobalSection(ProjectConfigurationPlatforms) = postSolution
		{4A70541E-ED7A-4646-9C5D-59FCB621CC8D}.Debug|x64.ActiveCfg = Debug|x64
		{4A70541E-ED7A-4646-9C5D-59FCB621CC8D}.Debug|x64.Build.0 = Debug|x64
		{4A70541E-ED7A-4646-9C5D-59FCB621CC8D}.Release|x64.ActiveCfg = Release|x64
		{4A70541E-ED7A-4646-9C5D-59FCB621CC8D}.Release|x64.Build.0 = Release|x64
	EndGlobalSection
	GlobalSection(SolutionProperties) = preSolution
		HideSolutionNode = FALSE
	EndGlobalSection
	GlobalSection(ExtensibilityGlobals) = postSolution
		SolutionGuid = {E217834C-8E73-4541-838E-702621352A9A}
	EndGlobalSection
EndGlobal
